// !$*UTF8*$!
{
	archiveVersion = 1;
	classes = {
	};
	objectVersion = 50;
	objects = {

/* Begin PBXBuildFile section */
		D7232191232BD53A00ED8200 /* AxisParameters.swift in Sources */ = {isa = PBXBuildFile; fileRef = D7232190232BD53A00ED8200 /* AxisParameters.swift */; };
		D7232193233862C700ED8200 /* PointRow.swift in Sources */ = {isa = PBXBuildFile; fileRef = D7232192233862C700ED8200 /* PointRow.swift */; };
		D747EDA1232951F2003EACCC /* AppDelegate.swift in Sources */ = {isa = PBXBuildFile; fileRef = D747EDA0232951F2003EACCC /* AppDelegate.swift */; };
		D747EDA3232951F2003EACCC /* SceneDelegate.swift in Sources */ = {isa = PBXBuildFile; fileRef = D747EDA2232951F2003EACCC /* SceneDelegate.swift */; };
		D747EDA5232951F2003EACCC /* ContentView.swift in Sources */ = {isa = PBXBuildFile; fileRef = D747EDA4232951F2003EACCC /* ContentView.swift */; };
		D747EDA7232951F6003EACCC /* Assets.xcassets in Resources */ = {isa = PBXBuildFile; fileRef = D747EDA6232951F6003EACCC /* Assets.xcassets */; };
		D747EDAA232951F6003EACCC /* Preview Assets.xcassets in Resources */ = {isa = PBXBuildFile; fileRef = D747EDA9232951F6003EACCC /* Preview Assets.xcassets */; };
		D747EDAD232951F6003EACCC /* LaunchScreen.storyboard in Resources */ = {isa = PBXBuildFile; fileRef = D747EDAB232951F6003EACCC /* LaunchScreen.storyboard */; };
/* End PBXBuildFile section */

/* Begin PBXFileReference section */
		D7232190232BD53A00ED8200 /* AxisParameters.swift */ = {isa = PBXFileReference; lastKnownFileType = sourcecode.swift; path = AxisParameters.swift; sourceTree = "<group>"; };
		D7232192233862C700ED8200 /* PointRow.swift */ = {isa = PBXFileReference; lastKnownFileType = sourcecode.swift; path = PointRow.swift; sourceTree = "<group>"; };
		D747ED9D232951F1003EACCC /* p02_dirwin1.app */ = {isa = PBXFileReference; explicitFileType = wrapper.application; includeInIndex = 0; path = p02_dirwin1.app; sourceTree = BUILT_PRODUCTS_DIR; };
		D747EDA0232951F2003EACCC /* AppDelegate.swift */ = {isa = PBXFileReference; lastKnownFileType = sourcecode.swift; path = AppDelegate.swift; sourceTree = "<group>"; };
		D747EDA2232951F2003EACCC /* SceneDelegate.swift */ = {isa = PBXFileReference; lastKnownFileType = sourcecode.swift; path = SceneDelegate.swift; sourceTree = "<group>"; };
		D747EDA4232951F2003EACCC /* ContentView.swift */ = {isa = PBXFileReference; lastKnownFileType = sourcecode.swift; path = ContentView.swift; sourceTree = "<group>"; };
		D747EDA6232951F6003EACCC /* Assets.xcassets */ = {isa = PBXFileReference; lastKnownFileType = folder.assetcatalog; path = Assets.xcassets; sourceTree = "<group>"; };
		D747EDA9232951F6003EACCC /* Preview Assets.xcassets */ = {isa = PBXFileReference; lastKnownFileType = folder.assetcatalog; path = "Preview Assets.xcassets"; sourceTree = "<group>"; };
		D747EDAC232951F6003EACCC /* Base */ = {isa = PBXFileReference; lastKnownFileType = file.storyboard; name = Base; path = Base.lproj/LaunchScreen.storyboard; sourceTree = "<group>"; };
		D747EDAE232951F6003EACCC /* Info.plist */ = {isa = PBXFileReference; lastKnownFileType = text.plist.xml; path = Info.plist; sourceTree = "<group>"; };
/* End PBXFileReference section */

/* Begin PBXFrameworksBuildPhase section */
		D747ED9A232951F1003EACCC /* Frameworks */ = {
			isa = PBXFrameworksBuildPhase;
			buildActionMask = 2147483647;
			files = (
			);
			runOnlyForDeploymentPostprocessing = 0;
		};
/* End PBXFrameworksBuildPhase section */

/* Begin PBXGroup section */
		D747ED94232951F1003EACCC = {
			isa = PBXGroup;
			children = (
				D747ED9F232951F2003EACCC /* p02_dirwin1 */,
				D747ED9E232951F1003EACCC /* Products */,
			);
			sourceTree = "<group>";
		};
		D747ED9E232951F1003EACCC /* Products */ = {
			isa = PBXGroup;
			children = (
				D747ED9D232951F1003EACCC /* p02_dirwin1.app */,
			);
			name = Products;
			sourceTree = "<group>";
		};
		D747ED9F232951F2003EACCC /* p02_dirwin1 */ = {
			isa = PBXGroup;
			children = (
				D7232192233862C700ED8200 /* PointRow.swift */,
				D747EDA0232951F2003EACCC /* AppDelegate.swift */,
				D747EDA2232951F2003EACCC /* SceneDelegate.swift */,
				D747EDA4232951F2003EACCC /* ContentView.swift */,
				D747EDA6232951F6003EACCC /* Assets.xcassets */,
				D747EDAB232951F6003EACCC /* LaunchScreen.storyboard */,
				D747EDAE232951F6003EACCC /* Info.plist */,
				D747EDA8232951F6003EACCC /* Preview Content */,
				D7232190232BD53A00ED8200 /* AxisParameters.swift */,
			);
			path = p02_dirwin1;
			sourceTree = "<group>";
		};
		D747EDA8232951F6003EACCC /* Preview Content */ = {
			isa = PBXGroup;
			children = (
				D747EDA9232951F6003EACCC /* Preview Assets.xcassets */,
			);
			path = "Preview Content";
			sourceTree = "<group>";
		};
/* End PBXGroup section */

/* Begin PBXNativeTarget section */
		D747ED9C232951F1003EACCC /* p02_dirwin1 */ = {
			isa = PBXNativeTarget;
			buildConfigurationList = D747EDB1232951F6003EACCC /* Build configuration list for PBXNativeTarget "p02_dirwin1" */;
			buildPhases = (
				D747ED99232951F1003EACCC /* Sources */,
				D747ED9A232951F1003EACCC /* Frameworks */,
				D747ED9B232951F1003EACCC /* Resources */,
			);
			buildRules = (
			);
			dependencies = (
			);
			name = p02_dirwin1;
			productName = p02_dirwin1;
			productReference = D747ED9D232951F1003EACCC /* p02_dirwin1.app */;
			productType = "com.apple.product-type.application";
		};
/* End PBXNativeTarget section */

/* Begin PBXProject section */
		D747ED95232951F1003EACCC /* Project object */ = {
			isa = PBXProject;
			attributes = {
				LastSwiftUpdateCheck = 1100;
				LastUpgradeCheck = 1100;
				ORGANIZATIONNAME = "Dylan Irwin";
				TargetAttributes = {
					D747ED9C232951F1003EACCC = {
						CreatedOnToolsVersion = 11.0;
					};
				};
			};
			buildConfigurationList = D747ED98232951F1003EACCC /* Build configuration list for PBXProject "p02_dirwin1" */;
			compatibilityVersion = "Xcode 9.3";
			developmentRegion = en;
			hasScannedForEncodings = 0;
			knownRegions = (
				en,
				Base,
			);
			mainGroup = D747ED94232951F1003EACCC;
			productRefGroup = D747ED9E232951F1003EACCC /* Products */;
			projectDirPath = "";
			projectRoot = "";
			targets = (
				D747ED9C232951F1003EACCC /* p02_dirwin1 */,
			);
		};
/* End PBXProject section */

/* Begin PBXResourcesBuildPhase section */
		D747ED9B232951F1003EACCC /* Resources */ = {
			isa = PBXResourcesBuildPhase;
			buildActionMask = 2147483647;
			files = (
				D747EDAD232951F6003EACCC /* LaunchScreen.storyboard in Resources */,
				D747EDAA232951F6003EACCC /* Preview Assets.xcassets in Resources */,
				D747EDA7232951F6003EACCC /* Assets.xcassets in Resources */,
			);
			runOnlyForDeploymentPostprocessing = 0;
		};
/* End PBXResourcesBuildPhase section */

/* Begin PBXSourcesBuildPhase section */
		D747ED99232951F1003EACCC /* Sources */ = {
			isa = PBXSourcesBuildPhase;
			buildActionMask = 2147483647;
			files = (
				D7232191232BD53A00ED8200 /* AxisParameters.swift in Sources */,
				D7232193233862C700ED8200 /* PointRow.swift in Sources */,
				D747EDA1232951F2003EACCC /* AppDelegate.swift in Sources */,
				D747EDA3232951F2003EACCC /* SceneDelegate.swift in Sources */,
				D747EDA5232951F2003EACCC /* ContentView.swift in Sources */,
			);
			runOnlyForDeploymentPostprocessing = 0;
		};
/* End PBXSourcesBuildPhase section */

/* Begin PBXVariantGroup section */
		D747EDAB232951F6003EACCC /* LaunchScreen.storyboard */ = {
			isa = PBXVariantGroup;
			children = (
				D747EDAC232951F6003EACCC /* Base */,
			);
			name = LaunchScreen.storyboard;
			sourceTree = "<group>";
		};
/* End PBXVariantGroup section */

/* Begin XCBuildConfiguration section */
		D747EDAF232951F6003EACCC /* Debug */ = {
			isa = XCBuildConfiguration;
			buildSettings = {
				ALWAYS_SEARCH_USER_PATHS = NO;
				CLANG_ANALYZER_NONNULL = YES;
				CLANG_ANALYZER_NUMBER_OBJECT_CONVERSION = YES_AGGRESSIVE;
				CLANG_CXX_LANGUAGE_STANDARD = "gnu++14";
				CLANG_CXX_LIBRARY = "libc++";
				CLANG_ENABLE_MODULES = YES;
				CLANG_ENABLE_OBJC_ARC = YES;
				CLANG_ENABLE_OBJC_WEAK = YES;
				CLANG_WARN_BLOCK_CAPTURE_AUTORELEASING = YES;
				CLANG_WARN_BOOL_CONVERSION = YES;
				CLANG_WARN_COMMA = YES;
				CLANG_WARN_CONSTANT_CONVERSION = YES;
				CLANG_WARN_DEPRECATED_OBJC_IMPLEMENTATIONS = YES;
				CLANG_WARN_DIRECT_OBJC_ISA_USAGE = YES_ERROR;
				CLANG_WARN_DOCUMENTATION_COMMENTS = YES;
				CLANG_WARN_EMPTY_BODY = YES;
				CLANG_WARN_ENUM_CONVERSION = YES;
				CLANG_WARN_INFINITE_RECURSION = YES;
				CLANG_WARN_INT_CONVERSION = YES;
				CLANG_WARN_NON_LITERAL_NULL_CONVERSION = YES;
				CLANG_WARN_OBJC_IMPLICIT_RETAIN_SELF = YES;
				CLANG_WARN_OBJC_LITERAL_CONVERSION = YES;
				CLANG_WARN_OBJC_ROOT_CLASS = YES_ERROR;
				CLANG_WARN_RANGE_LOOP_ANALYSIS = YES;
				CLANG_WARN_STRICT_PROTOTYPES = YES;
				CLANG_WARN_SUSPICIOUS_MOVE = YES;
				CLANG_WARN_UNGUARDED_AVAILABILITY = YES_AGGRESSIVE;
				CLANG_WARN_UNREACHABLE_CODE = YES;
				CLANG_WARN__DUPLICATE_METHOD_MATCH = YES;
				COPY_PHASE_STRIP = NO;
				DEBUG_INFORMATION_FORMAT = dwarf;
				ENABLE_STRICT_OBJC_MSGSEND = YES;
				ENABLE_TESTABILITY = YES;
				GCC_C_LANGUAGE_STANDARD = gnu11;
				GCC_DYNAMIC_NO_PIC = NO;
				GCC_NO_COMMON_BLOCKS = YES;
				GCC_OPTIMIZATION_LEVEL = 0;
				GCC_PREPROCESSOR_DEFINITIONS = (
					"DEBUG=1",
					"$(inherited)",
				);
				GCC_WARN_64_TO_32_BIT_CONVERSION = YES;
				GCC_WARN_ABOUT_RETURN_TYPE = YES_ERROR;
				GCC_WARN_UNDECLARED_SELECTOR = YES;
				GCC_WARN_UNINITIALIZED_AUTOS = YES_AGGRESSIVE;
				GCC_WARN_UNUSED_FUNCTION = YES;
				GCC_WARN_UNUSED_VARIABLE = YES;
				IPHONEOS_DEPLOYMENT_TARGET = 13.0;
				MTL_ENABLE_DEBUG_INFO = INCLUDE_SOURCE;
				MTL_FAST_MATH = YES;
				ONLY_ACTIVE_ARCH = YES;
				SDKROOT = iphoneos;
				SWIFT_ACTIVE_COMPILATION_CONDITIONS = DEBUG;
				SWIFT_OPTIMIZATION_LEVEL = "-Onone";
			};
			name = Debug;
		};
		D747EDB0232951F6003EACCC /* Release */ = {
			isa = XCBuildConfiguration;
			buildSettings = {
				ALWAYS_SEARCH_USER_PATHS = NO;
				CLANG_ANALYZER_NONNULL = YES;
				CLANG_ANALYZER_NUMBER_OBJECT_CONVERSION = YES_AGGRESSIVE;
				CLANG_CXX_LANGUAGE_STANDARD = "gnu++14";
				CLANG_CXX_LIBRARY = "libc++";
				CLANG_ENABLE_MODULES = YES;
				CLANG_ENABLE_OBJC_ARC = YES;
				CLANG_ENABLE_OBJC_WEAK = YES;
				CLANG_WARN_BLOCK_CAPTURE_AUTORELEASING = YES;
				CLANG_WARN_BOOL_CONVERSION = YES;
				CLANG_WARN_COMMA = YES;
				CLANG_WARN_CONSTANT_CONVERSION = YES;
				CLANG_WARN_DEPRECATED_OBJC_IMPLEMENTATIONS = YES;
				CLANG_WARN_DIRECT_OBJC_ISA_USAGE = YES_ERROR;
				CLANG_WARN_DOCUMENTATION_COMMENTS = YES;
				CLANG_WARN_EMPTY_BODY = YES;
				CLANG_WARN_ENUM_CONVERSION = YES;
				CLANG_WARN_INFINITE_RECURSION = YES;
				CLANG_WARN_INT_CONVERSION = YES;
				CLANG_WARN_NON_LITERAL_NULL_CONVERSION = YES;
				CLANG_WARN_OBJC_IMPLICIT_RETAIN_SELF = YES;
				CLANG_WARN_OBJC_LITERAL_CONVERSION = YES;
				CLANG_WARN_OBJC_ROOT_CLASS = YES_ERROR;
				CLANG_WARN_RANGE_LOOP_ANALYSIS = YES;
				CLANG_WARN_STRICT_PROTOTYPES = YES;
				CLANG_WARN_SUSPICIOUS_MOVE = YES;
				CLANG_WARN_UNGUARDED_AVAILABILITY = YES_AGGRESSIVE;
				CLANG_WARN_UNREACHABLE_CODE = YES;
				CLANG_WARN__DUPLICATE_METHOD_MATCH = YES;
				COPY_PHASE_STRIP = NO;
				DEBUG_INFORMATION_FORMAT = "dwarf-with-dsym";
				ENABLE_NS_ASSERTIONS = NO;
				ENABLE_STRICT_OBJC_MSGSEND = YES;
				GCC_C_LANGUAGE_STANDARD = gnu11;
				GCC_NO_COMMON_BLOCKS = YES;
				GCC_WARN_64_TO_32_BIT_CONVERSION = YES;
				GCC_WARN_ABOUT_RETURN_TYPE = YES_ERROR;
				GCC_WARN_UNDECLARED_SELECTOR = YES;
				GCC_WARN_UNINITIALIZED_AUTOS = YES_AGGRESSIVE;
				GCC_WARN_UNUSED_FUNCTION = YES;
				GCC_WARN_UNUSED_VARIABLE = YES;
				IPHONEOS_DEPLOYMENT_TARGET = 13.0;
				MTL_ENABLE_DEBUG_INFO = NO;
				MTL_FAST_MATH = YES;
				SDKROOT = iphoneos;
				SWIFT_COMPILATION_MODE = wholemodule;
				SWIFT_OPTIMIZATION_LEVEL = "-O";
				VALIDATE_PRODUCT = YES;
			};
			name = Release;
		};
		D747EDB2232951F6003EACCC /* Debug */ = {
			isa = XCBuildConfiguration;
			buildSettings = {
				ASSETCATALOG_COMPILER_APPICON_NAME = AppIcon;
				CODE_SIGN_STYLE = Automatic;
				DEVELOPMENT_ASSET_PATHS = "\"p02_dirwin1/Preview Content\"";
				DEVELOPMENT_TEAM = J8CH8K2H67;
				ENABLE_PREVIEWS = YES;
				INFOPLIST_FILE = p02_dirwin1/Info.plist;
				LD_RUNPATH_SEARCH_PATHS = (
					"$(inherited)",
					"@executable_path/Frameworks",
				);
				PRODUCT_BUNDLE_IDENTIFIER = "com.DylanIrwin.p02-dirwin1";
				PRODUCT_NAME = "$(TARGET_NAME)";
				SWIFT_VERSION = 5.0;
				TARGETED_DEVICE_FAMILY = "1,2";
			};
			name = Debug;
		};
		D747EDB3232951F6003EACCC /* Release */ = {
			isa = XCBuildConfiguration;
			buildSettings = {
				ASSETCATALOG_COMPILER_APPICON_NAME = AppIcon;
				CODE_SIGN_STYLE = Automatic;
				DEVELOPMENT_ASSET_PATHS = "\"p02_dirwin1/Preview Content\"";
				DEVELOPMENT_TEAM = J8CH8K2H67;
				ENABLE_PREVIEWS = YES;
				INFOPLIST_FILE = p02_dirwin1/Info.plist;
				LD_RUNPATH_SEARCH_PATHS = (
					"$(inherited)",
					"@executable_path/Frameworks",
				);
				PRODUCT_BUNDLE_IDENTIFIER = "com.DylanIrwin.p02-dirwin1";
				PRODUCT_NAME = "$(TARGET_NAME)";
				SWIFT_VERSION = 5.0;
				TARGETED_DEVICE_FAMILY = "1,2";
			};
			name = Release;
		};
/* End XCBuildConfiguration section */

/* Begin XCConfigurationList section */
		D747ED98232951F1003EACCC /* Build configuration list for PBXProject "p02_dirwin1" */ = {
			isa = XCConfigurationList;
			buildConfigurations = (
				D747EDAF232951F6003EACCC /* Debug */,
				D747EDB0232951F6003EACCC /* Release */,
			);
			defaultConfigurationIsVisible = 0;
			defaultConfigurationName = Release;
		};
		D747EDB1232951F6003EACCC /* Build configuration list for PBXNativeTarget "p02_dirwin1" */ = {
			isa = XCConfigurationList;
			buildConfigurations = (
				D747EDB2232951F6003EACCC /* Debug */,
				D747EDB3232951F6003EACCC /* Release */,
			);
			defaultConfigurationIsVisible = 0;
			defaultConfigurationName = Release;
		};
/* End XCConfigurationList section */
	};
	rootObject = D747ED95232951F1003EACCC /* Project object */;
}
